Microsoft Visual Studio Solution File, Format Version 12.00
# Visual Studio Version 17
VisualStudioVersion = 17.5.2.0
MinimumVisualStudioVersion = 10.0.40219.1
Project("{2150E333-8FDC-42A3-9474-1A3956D46DE8}") = "X360Joystic", "X360Joystic", "{8CB86195-B23F-0BD0-62E6-814C4119C015}"
EndProject
Project("{FAE04EC0-301F-11D3-BF4B-00C04F79EFBC}") = "X360Joystic", "X360Joystic\X360Joystic\X360Joystic.csproj", "{47A52E6E-6B37-4D43-E87D-70025ADDAAEC}"
EndProject
Global
	GlobalSection(SolutionConfigurationPlatforms) = preSolution
		Debug|Any CPU = Debug|Any CPU
		Release|Any CPU = Release|Any CPU
	EndGlobalSection
	GlobalSection(ProjectConfigurationPlatforms) = postSolution
		{47A52E6E-6B37-4D43-E87D-70025ADDAAEC}.Debug|Any CPU.ActiveCfg = Debug|Any CPU
		{47A52E6E-6B37-4D43-E87D-70025ADDAAEC}.Debug|Any CPU.Build.0 = Debug|Any CPU
		{47A52E6E-6B37-4D43-E87D-70025ADDAAEC}.Release|Any CPU.ActiveCfg = Release|Any CPU
		{47A52E6E-6B37-4D43-E87D-70025ADDAAEC}.Release|Any CPU.Build.0 = Release|Any CPU
	EndGlobalSection
	GlobalSection(SolutionProperties) = preSolution
		HideSolutionNode = FALSE
	EndGlobalSection
	GlobalSection(NestedProjects) = preSolution
		{47A52E6E-6B37-4D43-E87D-70025ADDAAEC} = {8CB86195-B23F-0BD0-62E6-814C4119C015}
	EndGlobalSection
	GlobalSection(ExtensibilityGlobals) = postSolution
		SolutionGuid = {0125B5F2-0399-496A-A6C0-26EF2BA11885}
	EndGlobalSection
EndGlobal
